
Microsoft Visual Studio Solution File, Format Version 12.00
# Visual Studio Version 16
VisualStudioVersion = 16.0.31019.35
MinimumVisualStudioVersion = 10.0.40219.1
Project("{FAE04EC0-301F-11D3-BF4B-00C04F79EFBC}") = "ZoomAPI", "ZoomAPI\ZoomAPI.csproj", "{99439CA3-1BB0-4053-9B8D-9E8C2D7167B1}"
EndProject
Global
	GlobalSection(SolutionConfigurationPlatforms) = preSolution
		Debug|Any CPU = Debug|Any CPU
		Release|Any CPU = Release|Any CPU
	EndGlobalSection
	GlobalSection(ProjectConfigurationPlatforms) = postSolution
		{99439CA3-1BB0-4053-9B8D-9E8C2D7167B1}.Debug|Any CPU.ActiveCfg = Debug|Any CPU
		{99439CA3-1BB0-4053-9B8D-9E8C2D7167B1}.Debug|Any CPU.Build.0 = Debug|Any CPU
		{99439CA3-1BB0-4053-9B8D-9E8C2D7167B1}.Release|Any CPU.ActiveCfg = Release|Any CPU
		{99439CA3-1BB0-4053-9B8D-9E8C2D7167B1}.Release|Any CPU.Build.0 = Release|Any CPU
	EndGlobalSection
	GlobalSection(SolutionProperties) = preSolution
		HideSolutionNode = FALSE
	EndGlobalSection
	GlobalSection(ExtensibilityGlobals) = postSolution
		SolutionGuid = {B268F0BB-20DA-487F-975D-21D60A1FA2F2}
	EndGlobalSection
EndGlobal
